// !$*UTF8*$!
{
	archiveVersion = 1;
	classes = {
	};
	objectVersion = 56;
	objects = {

/* Begin PBXBuildFile section */
		7078941F2C960907009F3456 /* Foundation.framework in Frameworks */ = {isa = PBXBuildFile; fileRef = 7078941E2C960907009F3456 /* Foundation.framework */; };
		707894212C96090C009F3456 /* UIKit.framework in Frameworks */ = {isa = PBXBuildFile; fileRef = 707894202C96090C009F3456 /* UIKit.framework */; };
		707894232C96091A009F3456 /* CoreGraphics.framework in Frameworks */ = {isa = PBXBuildFile; fileRef = 707894222C96091A009F3456 /* CoreGraphics.framework */; };
		707894252C960924009F3456 /* QuartzCore.framework in Frameworks */ = {isa = PBXBuildFile; fileRef = 707894242C960924009F3456 /* QuartzCore.framework */; };
		707894282C96093B009F3456 /* MyCaiDang.mm in Sources */ = {isa = PBXBuildFile; fileRef = 707894262C96093B009F3456 /* MyCaiDang.mm */; };
		707894292C96093B009F3456 /* MyCaiDang.h in Headers */ = {isa = PBXBuildFile; fileRef = 707894272C96093B009F3456 /* MyCaiDang.h */; };
		70CC1D892C96398F00BFD675 /* dobby.h in Headers */ = {isa = PBXBuildFile; fileRef = 70CC1D842C96398F00BFD675 /* dobby.h */; };
		70CC1D8A2C96398F00BFD675 /* libdobby_fixed.a in Frameworks */ = {isa = PBXBuildFile; fileRef = 70CC1D852C96398F00BFD675 /* libdobby_fixed.a */; };
		70D2836F2DC5CB9D00ADAC7B /* static-inline.mm in Sources */ = {isa = PBXBuildFile; fileRef = 70D2836E2DC5CB9D00ADAC7B /* static-inline.mm */; };
		70D283702DC5CB9D00ADAC7B /* static-inline.h in Headers */ = {isa = PBXBuildFile; fileRef = 70D2836D2DC5CB9D00ADAC7B /* static-inline.h */; };
		70D283722DC5CBBD00ADAC7B /* Tweak.m in Sources */ = {isa = PBXBuildFile; fileRef = 70D283712DC5CBBD00ADAC7B /* Tweak.m */; };
/* End PBXBuildFile section */

/* Begin PBXFileReference section */
		707893332C95D20E009F3456 /* libPatchCode_NoJB.dylib */ = {isa = PBXFileReference; explicitFileType = "compiled.mach-o.dylib"; includeInIndex = 0; path = libPatchCode_NoJB.dylib; sourceTree = BUILT_PRODUCTS_DIR; };
		7078941E2C960907009F3456 /* Foundation.framework */ = {isa = PBXFileReference; lastKnownFileType = wrapper.framework; name = Foundation.framework; path = System/Library/Frameworks/Foundation.framework; sourceTree = SDKROOT; };
		707894202C96090C009F3456 /* UIKit.framework */ = {isa = PBXFileReference; lastKnownFileType = wrapper.framework; name = UIKit.framework; path = System/iOSSupport/System/Library/Frameworks/UIKit.framework; sourceTree = SDKROOT; };
		707894222C96091A009F3456 /* CoreGraphics.framework */ = {isa = PBXFileReference; lastKnownFileType = wrapper.framework; name = CoreGraphics.framework; path = System/Library/Frameworks/CoreGraphics.framework; sourceTree = SDKROOT; };
		707894242C960924009F3456 /* QuartzCore.framework */ = {isa = PBXFileReference; lastKnownFileType = wrapper.framework; name = QuartzCore.framework; path = System/Library/Frameworks/QuartzCore.framework; sourceTree = SDKROOT; };
		707894262C96093B009F3456 /* MyCaiDang.mm */ = {isa = PBXFileReference; fileEncoding = 4; lastKnownFileType = sourcecode.cpp.objcpp; path = MyCaiDang.mm; sourceTree = "<group>"; };
		707894272C96093B009F3456 /* MyCaiDang.h */ = {isa = PBXFileReference; fileEncoding = 4; lastKnownFileType = sourcecode.c.h; path = MyCaiDang.h; sourceTree = "<group>"; };
		70CC1D842C96398F00BFD675 /* dobby.h */ = {isa = PBXFileReference; fileEncoding = 4; lastKnownFileType = sourcecode.c.h; path = dobby.h; sourceTree = "<group>"; };
		70CC1D852C96398F00BFD675 /* libdobby_fixed.a */ = {isa = PBXFileReference; lastKnownFileType = archive.ar; path = libdobby_fixed.a; sourceTree = "<group>"; };
		70D2836D2DC5CB9D00ADAC7B /* static-inline.h */ = {isa = PBXFileReference; lastKnownFileType = sourcecode.c.h; path = "static-inline.h"; sourceTree = "<group>"; };
		70D2836E2DC5CB9D00ADAC7B /* static-inline.mm */ = {isa = PBXFileReference; lastKnownFileType = sourcecode.cpp.objcpp; path = "static-inline.mm"; sourceTree = "<group>"; };
		70D283712DC5CBBD00ADAC7B /* Tweak.m */ = {isa = PBXFileReference; lastKnownFileType = sourcecode.c.objc; path = Tweak.m; sourceTree = "<group>"; };
/* End PBXFileReference section */

/* Begin PBXFrameworksBuildPhase section */
		707893312C95D20E009F3456 /* Frameworks */ = {
			isa = PBXFrameworksBuildPhase;
			buildActionMask = 2147483647;
			files = (
				707894252C960924009F3456 /* QuartzCore.framework in Frameworks */,
				70CC1D8A2C96398F00BFD675 /* libdobby_fixed.a in Frameworks */,
				707894232C96091A009F3456 /* CoreGraphics.framework in Frameworks */,
				707894212C96090C009F3456 /* UIKit.framework in Frameworks */,
				7078941F2C960907009F3456 /* Foundation.framework in Frameworks */,
			);
			runOnlyForDeploymentPostprocessing = 0;
		};
/* End PBXFrameworksBuildPhase section */

/* Begin PBXGroup section */
		7078932A2C95D20E009F3456 = {
			isa = PBXGroup;
			children = (
				707894272C96093B009F3456 /* MyCaiDang.h */,
				707894262C96093B009F3456 /* MyCaiDang.mm */,
				70D283712DC5CBBD00ADAC7B /* Tweak.m */,
				70CC1D882C96398F00BFD675 /* HookLibrary */,
				707893342C95D20E009F3456 /* Products */,
				7078941D2C960907009F3456 /* Frameworks */,
			);
			sourceTree = "<group>";
		};
		707893342C95D20E009F3456 /* Products */ = {
			isa = PBXGroup;
			children = (
				707893332C95D20E009F3456 /* libPatchCode_NoJB.dylib */,
			);
			name = Products;
			sourceTree = "<group>";
		};
		7078941D2C960907009F3456 /* Frameworks */ = {
			isa = PBXGroup;
			children = (
				707894242C960924009F3456 /* QuartzCore.framework */,
				707894222C96091A009F3456 /* CoreGraphics.framework */,
				707894202C96090C009F3456 /* UIKit.framework */,
				7078941E2C960907009F3456 /* Foundation.framework */,
			);
			name = Frameworks;
			sourceTree = "<group>";
		};
		70CC1D882C96398F00BFD675 /* HookLibrary */ = {
			isa = PBXGroup;
			children = (
				70CC1D842C96398F00BFD675 /* dobby.h */,
				70CC1D852C96398F00BFD675 /* libdobby_fixed.a */,
				70D2836D2DC5CB9D00ADAC7B /* static-inline.h */,
				70D2836E2DC5CB9D00ADAC7B /* static-inline.mm */,
			);
			path = HookLibrary;
			sourceTree = "<group>";
		};
/* End PBXGroup section */

/* Begin PBXHeadersBuildPhase section */
		7078932F2C95D20E009F3456 /* Headers */ = {
			isa = PBXHeadersBuildPhase;
			buildActionMask = 2147483647;
			files = (
				707894292C96093B009F3456 /* MyCaiDang.h in Headers */,
				70D283702DC5CB9D00ADAC7B /* static-inline.h in Headers */,
				70CC1D892C96398F00BFD675 /* dobby.h in Headers */,
			);
			runOnlyForDeploymentPostprocessing = 0;
		};
/* End PBXHeadersBuildPhase section */

/* Begin PBXNativeTarget section */
		707893322C95D20E009F3456 /* PatchCode_NoJB */ = {
			isa = PBXNativeTarget;
			buildConfigurationList = 707893372C95D20E009F3456 /* Build configuration list for PBXNativeTarget "PatchCode_NoJB" */;
			buildPhases = (
				7078932F2C95D20E009F3456 /* Headers */,
				707893302C95D20E009F3456 /* Sources */,
				707893312C95D20E009F3456 /* Frameworks */,
			);
			buildRules = (
			);
			dependencies = (
			);
			name = PatchCode_NoJB;
			productName = PatchCode_NoJB;
			productReference = 707893332C95D20E009F3456 /* libPatchCode_NoJB.dylib */;
			productType = "com.apple.product-type.library.dynamic";
		};
/* End PBXNativeTarget section */

/* Begin PBXProject section */
		7078932B2C95D20E009F3456 /* Project object */ = {
			isa = PBXProject;
			attributes = {
				BuildIndependentTargetsInParallel = 1;
				LastUpgradeCheck = 1540;
				TargetAttributes = {
					707893322C95D20E009F3456 = {
						CreatedOnToolsVersion = 15.4;
					};
				};
			};
			buildConfigurationList = 7078932E2C95D20E009F3456 /* Build configuration list for PBXProject "PatchCode_NoJB" */;
			compatibilityVersion = "Xcode 14.0";
			developmentRegion = en;
			hasScannedForEncodings = 0;
			knownRegions = (
				en,
				Base,
			);
			mainGroup = 7078932A2C95D20E009F3456;
			productRefGroup = 707893342C95D20E009F3456 /* Products */;
			projectDirPath = "";
			projectRoot = "";
			targets = (
				707893322C95D20E009F3456 /* PatchCode_NoJB */,
			);
		};
/* End PBXProject section */

/* Begin PBXSourcesBuildPhase section */
		707893302C95D20E009F3456 /* Sources */ = {
			isa = PBXSourcesBuildPhase;
			buildActionMask = 2147483647;
			files = (
				70D283722DC5CBBD00ADAC7B /* Tweak.m in Sources */,
				707894282C96093B009F3456 /* MyCaiDang.mm in Sources */,
				70D2836F2DC5CB9D00ADAC7B /* static-inline.mm in Sources */,
			);
			runOnlyForDeploymentPostprocessing = 0;
		};
/* End PBXSourcesBuildPhase section */

/* Begin XCBuildConfiguration section */
		707893352C95D20E009F3456 /* Debug */ = {
			isa = XCBuildConfiguration;
			buildSettings = {
				ALWAYS_SEARCH_USER_PATHS = NO;
				ASSETCATALOG_COMPILER_GENERATE_SWIFT_ASSET_SYMBOL_EXTENSIONS = YES;
				CLANG_ANALYZER_NONNULL = YES;
				CLANG_ANALYZER_NUMBER_OBJECT_CONVERSION = YES_AGGRESSIVE;
				CLANG_CXX_LANGUAGE_STANDARD = "gnu++20";
				CLANG_ENABLE_MODULES = YES;
				CLANG_ENABLE_OBJC_ARC = YES;
				CLANG_ENABLE_OBJC_WEAK = YES;
				CLANG_WARN_BLOCK_CAPTURE_AUTORELEASING = YES;
				CLANG_WARN_BOOL_CONVERSION = YES;
				CLANG_WARN_COMMA = YES;
				CLANG_WARN_CONSTANT_CONVERSION = YES;
				CLANG_WARN_DEPRECATED_OBJC_IMPLEMENTATIONS = YES;
				CLANG_WARN_DIRECT_OBJC_ISA_USAGE = YES_ERROR;
				CLANG_WARN_DOCUMENTATION_COMMENTS = YES;
				CLANG_WARN_EMPTY_BODY = YES;
				CLANG_WARN_ENUM_CONVERSION = YES;
				CLANG_WARN_INFINITE_RECURSION = YES;
				CLANG_WARN_INT_CONVERSION = YES;
				CLANG_WARN_NON_LITERAL_NULL_CONVERSION = YES;
				CLANG_WARN_OBJC_IMPLICIT_RETAIN_SELF = YES;
				CLANG_WARN_OBJC_LITERAL_CONVERSION = YES;
				CLANG_WARN_OBJC_ROOT_CLASS = YES_ERROR;
				CLANG_WARN_QUOTED_INCLUDE_IN_FRAMEWORK_HEADER = YES;
				CLANG_WARN_RANGE_LOOP_ANALYSIS = YES;
				CLANG_WARN_STRICT_PROTOTYPES = YES;
				CLANG_WARN_SUSPICIOUS_MOVE = YES;
				CLANG_WARN_UNGUARDED_AVAILABILITY = YES_AGGRESSIVE;
				CLANG_WARN_UNREACHABLE_CODE = YES;
				CLANG_WARN__DUPLICATE_METHOD_MATCH = YES;
				COPY_PHASE_STRIP = NO;
				DEBUG_INFORMATION_FORMAT = dwarf;
				ENABLE_STRICT_OBJC_MSGSEND = YES;
				ENABLE_TESTABILITY = YES;
				ENABLE_USER_SCRIPT_SANDBOXING = YES;
				GCC_C_LANGUAGE_STANDARD = gnu17;
				GCC_DYNAMIC_NO_PIC = NO;
				GCC_NO_COMMON_BLOCKS = YES;
				GCC_OPTIMIZATION_LEVEL = 0;
				GCC_PREPROCESSOR_DEFINITIONS = (
					"DEBUG=1",
					"$(inherited)",
				);
				GCC_WARN_64_TO_32_BIT_CONVERSION = YES;
				GCC_WARN_ABOUT_RETURN_TYPE = YES_ERROR;
				GCC_WARN_UNDECLARED_SELECTOR = YES;
				GCC_WARN_UNINITIALIZED_AUTOS = YES_AGGRESSIVE;
				GCC_WARN_UNUSED_FUNCTION = YES;
				GCC_WARN_UNUSED_VARIABLE = YES;
				LOCALIZATION_PREFERS_STRING_CATALOGS = YES;
				MACOSX_DEPLOYMENT_TARGET = 14.5;
				MTL_ENABLE_DEBUG_INFO = INCLUDE_SOURCE;
				MTL_FAST_MATH = YES;
				ONLY_ACTIVE_ARCH = YES;
				SDKROOT = macosx;
			};
			name = Debug;
		};
		707893362C95D20E009F3456 /* Release */ = {
			isa = XCBuildConfiguration;
			buildSettings = {
				ALWAYS_SEARCH_USER_PATHS = NO;
				ASSETCATALOG_COMPILER_GENERATE_SWIFT_ASSET_SYMBOL_EXTENSIONS = YES;
				CLANG_ANALYZER_NONNULL = YES;
				CLANG_ANALYZER_NUMBER_OBJECT_CONVERSION = YES_AGGRESSIVE;
				CLANG_CXX_LANGUAGE_STANDARD = "gnu++20";
				CLANG_ENABLE_MODULES = YES;
				CLANG_ENABLE_OBJC_ARC = YES;
				CLANG_ENABLE_OBJC_WEAK = YES;
				CLANG_WARN_BLOCK_CAPTURE_AUTORELEASING = YES;
				CLANG_WARN_BOOL_CONVERSION = YES;
				CLANG_WARN_COMMA = YES;
				CLANG_WARN_CONSTANT_CONVERSION = YES;
				CLANG_WARN_DEPRECATED_OBJC_IMPLEMENTATIONS = YES;
				CLANG_WARN_DIRECT_OBJC_ISA_USAGE = YES_ERROR;
				CLANG_WARN_DOCUMENTATION_COMMENTS = YES;
				CLANG_WARN_EMPTY_BODY = YES;
				CLANG_WARN_ENUM_CONVERSION = YES;
				CLANG_WARN_INFINITE_RECURSION = YES;
				CLANG_WARN_INT_CONVERSION = YES;
				CLANG_WARN_NON_LITERAL_NULL_CONVERSION = YES;
				CLANG_WARN_OBJC_IMPLICIT_RETAIN_SELF = YES;
				CLANG_WARN_OBJC_LITERAL_CONVERSION = YES;
				CLANG_WARN_OBJC_ROOT_CLASS = YES_ERROR;
				CLANG_WARN_QUOTED_INCLUDE_IN_FRAMEWORK_HEADER = YES;
				CLANG_WARN_RANGE_LOOP_ANALYSIS = YES;
				CLANG_WARN_STRICT_PROTOTYPES = YES;
				CLANG_WARN_SUSPICIOUS_MOVE = YES;
				CLANG_WARN_UNGUARDED_AVAILABILITY = YES_AGGRESSIVE;
				CLANG_WARN_UNREACHABLE_CODE = YES;
				CLANG_WARN__DUPLICATE_METHOD_MATCH = YES;
				COPY_PHASE_STRIP = NO;
				DEBUG_INFORMATION_FORMAT = "dwarf-with-dsym";
				ENABLE_NS_ASSERTIONS = NO;
				ENABLE_STRICT_OBJC_MSGSEND = YES;
				ENABLE_USER_SCRIPT_SANDBOXING = YES;
				GCC_C_LANGUAGE_STANDARD = gnu17;
				GCC_NO_COMMON_BLOCKS = YES;
				GCC_WARN_64_TO_32_BIT_CONVERSION = YES;
				GCC_WARN_ABOUT_RETURN_TYPE = YES_ERROR;
				GCC_WARN_UNDECLARED_SELECTOR = YES;
				GCC_WARN_UNINITIALIZED_AUTOS = YES_AGGRESSIVE;
				GCC_WARN_UNUSED_FUNCTION = YES;
				GCC_WARN_UNUSED_VARIABLE = YES;
				LOCALIZATION_PREFERS_STRING_CATALOGS = YES;
				MACOSX_DEPLOYMENT_TARGET = 14.5;
				MTL_ENABLE_DEBUG_INFO = NO;
				MTL_FAST_MATH = YES;
				SDKROOT = macosx;
			};
			name = Release;
		};
		707893382C95D20E009F3456 /* Debug */ = {
			isa = XCBuildConfiguration;
			buildSettings = {
				CODE_SIGN_STYLE = Automatic;
				DEVELOPMENT_TEAM = 44G7Y743Z5;
				DYLIB_COMPATIBILITY_VERSION = 1;
				DYLIB_CURRENT_VERSION = 1;
				EXECUTABLE_PREFIX = lib;
				FRAMEWORK_SEARCH_PATHS = (
					"$(inherited)",
					"$(SDKROOT)/System/iOSSupport/System/Library/Frameworks",
				);
				LIBRARY_SEARCH_PATHS = (
					"$(inherited)",
					"$(PROJECT_DIR)",
					"$(PROJECT_DIR)/HookLibrary",
				);
				PRODUCT_NAME = "$(TARGET_NAME)";
				SDKROOT = iphoneos;
				SKIP_INSTALL = YES;
			};
			name = Debug;
		};
		707893392C95D20E009F3456 /* Release */ = {
			isa = XCBuildConfiguration;
			buildSettings = {
				CODE_SIGN_STYLE = Automatic;
				DEVELOPMENT_TEAM = 44G7Y743Z5;
				DYLIB_COMPATIBILITY_VERSION = 1;
				DYLIB_CURRENT_VERSION = 1;
				EXECUTABLE_PREFIX = lib;
				FRAMEWORK_SEARCH_PATHS = (
					"$(inherited)",
					"$(SDKROOT)/System/iOSSupport/System/Library/Frameworks",
				);
				LIBRARY_SEARCH_PATHS = (
					"$(inherited)",
					"$(PROJECT_DIR)",
					"$(PROJECT_DIR)/HookLibrary",
				);
				PRODUCT_NAME = "$(TARGET_NAME)";
				SDKROOT = iphoneos;
				SKIP_INSTALL = YES;
			};
			name = Release;
		};
/* End XCBuildConfiguration section */

/* Begin XCConfigurationList section */
		7078932E2C95D20E009F3456 /* Build configuration list for PBXProject "PatchCode_NoJB" */ = {
			isa = XCConfigurationList;
			buildConfigurations = (
				707893352C95D20E009F3456 /* Debug */,
				707893362C95D20E009F3456 /* Release */,
			);
			defaultConfigurationIsVisible = 0;
			defaultConfigurationName = Release;
		};
		707893372C95D20E009F3456 /* Build configuration list for PBXNativeTarget "PatchCode_NoJB" */ = {
			isa = XCConfigurationList;
			buildConfigurations = (
				707893382C95D20E009F3456 /* Debug */,
				707893392C95D20E009F3456 /* Release */,
			);
			defaultConfigurationIsVisible = 0;
			defaultConfigurationName = Release;
		};
/* End XCConfigurationList section */
	};
	rootObject = 7078932B2C95D20E009F3456 /* Project object */;
}
